// !$*UTF8*$!
{
	archiveVersion = 1;
	classes = {
	};
	objectVersion = 50;
	objects = {

/* Begin PBXBuildFile section */
		972947D22609CE6600706C42 /* AppDelegate.swift in Sources */ = {isa = PBXBuildFile; fileRef = 972947D12609CE6600706C42 /* AppDelegate.swift */; };
		972947D42609CE6600706C42 /* SceneDelegate.swift in Sources */ = {isa = PBXBuildFile; fileRef = 972947D32609CE6600706C42 /* SceneDelegate.swift */; };
		972947D62609CE6600706C42 /* ViewController.swift in Sources */ = {isa = PBXBuildFile; fileRef = 972947D52609CE6600706C42 /* ViewController.swift */; };
		972947D92609CE6600706C42 /* Main.storyboard in Resources */ = {isa = PBXBuildFile; fileRef = 972947D72609CE6600706C42 /* Main.storyboard */; };
		972947DB2609CE6700706C42 /* Assets.xcassets in Resources */ = {isa = PBXBuildFile; fileRef = 972947DA2609CE6700706C42 /* Assets.xcassets */; };
		972947DE2609CE6700706C42 /* LaunchScreen.storyboard in Resources */ = {isa = PBXBuildFile; fileRef = 972947DC2609CE6700706C42 /* LaunchScreen.storyboard */; };
		972947EA2609CEAF00706C42 /* Date+Helper.swift in Sources */ = {isa = PBXBuildFile; fileRef = 972947E92609CEAF00706C42 /* Date+Helper.swift */; };
		972947F02609CEC500706C42 /* Languages+Helper.swift in Sources */ = {isa = PBXBuildFile; fileRef = 972947EF2609CEC500706C42 /* Languages+Helper.swift */; };
		972947F42609CECC00706C42 /* TToast.swift in Sources */ = {isa = PBXBuildFile; fileRef = 972947F22609CECC00706C42 /* TToast.swift */; };
		972947F52609CECC00706C42 /* TToast.xib in Resources */ = {isa = PBXBuildFile; fileRef = 972947F32609CECC00706C42 /* TToast.xib */; };
		972947F92609CF1100706C42 /* UIImage+Helper.swift in Sources */ = {isa = PBXBuildFile; fileRef = 972947F82609CF1100706C42 /* UIImage+Helper.swift */; };
		972948012609CF8D00706C42 /* MOLHLanguage.swift in Sources */ = {isa = PBXBuildFile; fileRef = 972947FC2609CF8D00706C42 /* MOLHLanguage.swift */; };
		972948022609CF8D00706C42 /* MOLH.swift in Sources */ = {isa = PBXBuildFile; fileRef = 972947FD2609CF8D00706C42 /* MOLH.swift */; };
		972948032609CF8D00706C42 /* MOLHSizable.swift in Sources */ = {isa = PBXBuildFile; fileRef = 972947FE2609CF8D00706C42 /* MOLHSizable.swift */; };
		972948042609CF8D00706C42 /* MOLHFontLocalizableViews.swift in Sources */ = {isa = PBXBuildFile; fileRef = 972947FF2609CF8D00706C42 /* MOLHFontLocalizableViews.swift */; };
		972948052609CF8D00706C42 /* MOLHFont.swift in Sources */ = {isa = PBXBuildFile; fileRef = 972948002609CF8D00706C42 /* MOLHFont.swift */; };
		9729480A2609CF9500706C42 /* ProgressView.swift in Sources */ = {isa = PBXBuildFile; fileRef = 972948082609CF9400706C42 /* ProgressView.swift */; };
		9729480B2609CF9500706C42 /* MBProgressHUD.swift in Sources */ = {isa = PBXBuildFile; fileRef = 972948092609CF9400706C42 /* MBProgressHUD.swift */; };
		9729480E2609CF9E00706C42 /* Photos+Helper.swift in Sources */ = {isa = PBXBuildFile; fileRef = 9729480D2609CF9E00706C42 /* Photos+Helper.swift */; };
		972948112609CFA100706C42 /* ViewController+Helper.swift in Sources */ = {isa = PBXBuildFile; fileRef = 972948102609CFA100706C42 /* ViewController+Helper.swift */; };
		972948142609CFA600706C42 /* View+Helper.swift in Sources */ = {isa = PBXBuildFile; fileRef = 972948132609CFA600706C42 /* View+Helper.swift */; };
		97576E1A2609D0C7009CAD26 /* Global.swift in Sources */ = {isa = PBXBuildFile; fileRef = 97576E192609D0C7009CAD26 /* Global.swift */; };
		97576E1E2609D2F0009CAD26 /* APIManager.swift in Sources */ = {isa = PBXBuildFile; fileRef = 97576E1D2609D2F0009CAD26 /* APIManager.swift */; };
		97576E2B2609D3B2009CAD26 /* Logger.swift in Sources */ = {isa = PBXBuildFile; fileRef = 97576E2A2609D3B2009CAD26 /* Logger.swift */; };
		97576E2F2609D6D4009CAD26 /* DataType+Helper.swift in Sources */ = {isa = PBXBuildFile; fileRef = 97576E2E2609D6D4009CAD26 /* DataType+Helper.swift */; };
/* End PBXBuildFile section */

/* Begin PBXFileReference section */
		972947CE2609CE6600706C42 /* swift-helper.app */ = {isa = PBXFileReference; explicitFileType = wrapper.application; includeInIndex = 0; path = "swift-helper.app"; sourceTree = BUILT_PRODUCTS_DIR; };
		972947D12609CE6600706C42 /* AppDelegate.swift */ = {isa = PBXFileReference; lastKnownFileType = sourcecode.swift; path = AppDelegate.swift; sourceTree = "<group>"; };
		972947D32609CE6600706C42 /* SceneDelegate.swift */ = {isa = PBXFileReference; lastKnownFileType = sourcecode.swift; path = SceneDelegate.swift; sourceTree = "<group>"; };
		972947D52609CE6600706C42 /* ViewController.swift */ = {isa = PBXFileReference; lastKnownFileType = sourcecode.swift; path = ViewController.swift; sourceTree = "<group>"; };
		972947D82609CE6600706C42 /* Base */ = {isa = PBXFileReference; lastKnownFileType = file.storyboard; name = Base; path = Base.lproj/Main.storyboard; sourceTree = "<group>"; };
		972947DA2609CE6700706C42 /* Assets.xcassets */ = {isa = PBXFileReference; lastKnownFileType = folder.assetcatalog; path = Assets.xcassets; sourceTree = "<group>"; };
		972947DD2609CE6700706C42 /* Base */ = {isa = PBXFileReference; lastKnownFileType = file.storyboard; name = Base; path = Base.lproj/LaunchScreen.storyboard; sourceTree = "<group>"; };
		972947DF2609CE6700706C42 /* Info.plist */ = {isa = PBXFileReference; lastKnownFileType = text.plist.xml; path = Info.plist; sourceTree = "<group>"; };
		972947E92609CEAF00706C42 /* Date+Helper.swift */ = {isa = PBXFileReference; fileEncoding = 4; lastKnownFileType = sourcecode.swift; path = "Date+Helper.swift"; sourceTree = "<group>"; };
		972947EF2609CEC500706C42 /* Languages+Helper.swift */ = {isa = PBXFileReference; fileEncoding = 4; lastKnownFileType = sourcecode.swift; path = "Languages+Helper.swift"; sourceTree = "<group>"; };
		972947F22609CECC00706C42 /* TToast.swift */ = {isa = PBXFileReference; fileEncoding = 4; lastKnownFileType = sourcecode.swift; path = TToast.swift; sourceTree = "<group>"; };
		972947F32609CECC00706C42 /* TToast.xib */ = {isa = PBXFileReference; fileEncoding = 4; lastKnownFileType = file.xib; path = TToast.xib; sourceTree = "<group>"; };
		972947F82609CF1100706C42 /* UIImage+Helper.swift */ = {isa = PBXFileReference; fileEncoding = 4; lastKnownFileType = sourcecode.swift; path = "UIImage+Helper.swift"; sourceTree = "<group>"; };
		972947FC2609CF8D00706C42 /* MOLHLanguage.swift */ = {isa = PBXFileReference; fileEncoding = 4; lastKnownFileType = sourcecode.swift; path = MOLHLanguage.swift; sourceTree = "<group>"; };
		972947FD2609CF8D00706C42 /* MOLH.swift */ = {isa = PBXFileReference; fileEncoding = 4; lastKnownFileType = sourcecode.swift; path = MOLH.swift; sourceTree = "<group>"; };
		972947FE2609CF8D00706C42 /* MOLHSizable.swift */ = {isa = PBXFileReference; fileEncoding = 4; lastKnownFileType = sourcecode.swift; path = MOLHSizable.swift; sourceTree = "<group>"; };
		972947FF2609CF8D00706C42 /* MOLHFontLocalizableViews.swift */ = {isa = PBXFileReference; fileEncoding = 4; lastKnownFileType = sourcecode.swift; path = MOLHFontLocalizableViews.swift; sourceTree = "<group>"; };
		972948002609CF8D00706C42 /* MOLHFont.swift */ = {isa = PBXFileReference; fileEncoding = 4; lastKnownFileType = sourcecode.swift; path = MOLHFont.swift; sourceTree = "<group>"; };
		972948082609CF9400706C42 /* ProgressView.swift */ = {isa = PBXFileReference; fileEncoding = 4; lastKnownFileType = sourcecode.swift; path = ProgressView.swift; sourceTree = "<group>"; };
		972948092609CF9400706C42 /* MBProgressHUD.swift */ = {isa = PBXFileReference; fileEncoding = 4; lastKnownFileType = sourcecode.swift; path = MBProgressHUD.swift; sourceTree = "<group>"; };
		9729480D2609CF9E00706C42 /* Photos+Helper.swift */ = {isa = PBXFileReference; fileEncoding = 4; lastKnownFileType = sourcecode.swift; path = "Photos+Helper.swift"; sourceTree = "<group>"; };
		972948102609CFA100706C42 /* ViewController+Helper.swift */ = {isa = PBXFileReference; fileEncoding = 4; lastKnownFileType = sourcecode.swift; path = "ViewController+Helper.swift"; sourceTree = "<group>"; };
		972948132609CFA600706C42 /* View+Helper.swift */ = {isa = PBXFileReference; fileEncoding = 4; lastKnownFileType = sourcecode.swift; path = "View+Helper.swift"; sourceTree = "<group>"; };
		97576E192609D0C7009CAD26 /* Global.swift */ = {isa = PBXFileReference; lastKnownFileType = sourcecode.swift; path = Global.swift; sourceTree = "<group>"; };
		97576E1D2609D2F0009CAD26 /* APIManager.swift */ = {isa = PBXFileReference; fileEncoding = 4; lastKnownFileType = sourcecode.swift; path = APIManager.swift; sourceTree = "<group>"; };
		97576E2A2609D3B2009CAD26 /* Logger.swift */ = {isa = PBXFileReference; fileEncoding = 4; lastKnownFileType = sourcecode.swift; path = Logger.swift; sourceTree = "<group>"; };
		97576E2E2609D6D4009CAD26 /* DataType+Helper.swift */ = {isa = PBXFileReference; fileEncoding = 4; lastKnownFileType = sourcecode.swift; path = "DataType+Helper.swift"; sourceTree = "<group>"; };
/* End PBXFileReference section */

/* Begin PBXFrameworksBuildPhase section */
		972947CB2609CE6600706C42 /* Frameworks */ = {
			isa = PBXFrameworksBuildPhase;
			buildActionMask = 2147483647;
			files = (
			);
			runOnlyForDeploymentPostprocessing = 0;
		};
/* End PBXFrameworksBuildPhase section */

/* Begin PBXGroup section */
		972947C52609CE6500706C42 = {
			isa = PBXGroup;
			children = (
				972947D02609CE6600706C42 /* swift-helper */,
				972947CF2609CE6600706C42 /* Products */,
			);
			sourceTree = "<group>";
		};
		972947CF2609CE6600706C42 /* Products */ = {
			isa = PBXGroup;
			children = (
				972947CE2609CE6600706C42 /* swift-helper.app */,
			);
			name = Products;
			sourceTree = "<group>";
		};
		972947D02609CE6600706C42 /* swift-helper */ = {
			isa = PBXGroup;
			children = (
				972947D12609CE6600706C42 /* AppDelegate.swift */,
				972947D32609CE6600706C42 /* SceneDelegate.swift */,
				972947D52609CE6600706C42 /* ViewController.swift */,
				972947D72609CE6600706C42 /* Main.storyboard */,
				972947DA2609CE6700706C42 /* Assets.xcassets */,
				972947DC2609CE6700706C42 /* LaunchScreen.storyboard */,
				972947DF2609CE6700706C42 /* Info.plist */,
				972947E62609CE6E00706C42 /* General */,
			);
			path = "swift-helper";
			sourceTree = "<group>";
		};
		972947E62609CE6E00706C42 /* General */ = {
			isa = PBXGroup;
			children = (
				97576E182609D0B5009CAD26 /* Controller */,
				97576E172609D0AA009CAD26 /* Global */,
				972947E72609CE7400706C42 /* Extensions */,
			);
			path = General;
			sourceTree = "<group>";
		};
		972947E72609CE7400706C42 /* Extensions */ = {
			isa = PBXGroup;
			children = (
				972947FB2609CF8D00706C42 /* MOLH */,
				972948072609CF9400706C42 /* MBProgressHUD */,
				972947E92609CEAF00706C42 /* Date+Helper.swift */,
				972947F82609CF1100706C42 /* UIImage+Helper.swift */,
				97576E2A2609D3B2009CAD26 /* Logger.swift */,
				972948102609CFA100706C42 /* ViewController+Helper.swift */,
				972948132609CFA600706C42 /* View+Helper.swift */,
				9729480D2609CF9E00706C42 /* Photos+Helper.swift */,
				97576E2E2609D6D4009CAD26 /* DataType+Helper.swift */,
				972947F22609CECC00706C42 /* TToast.swift */,
				972947F32609CECC00706C42 /* TToast.xib */,
			);
			path = Extensions;
			sourceTree = "<group>";
		};
		972947FB2609CF8D00706C42 /* MOLH */ = {
			isa = PBXGroup;
			children = (
				972947FC2609CF8D00706C42 /* MOLHLanguage.swift */,
				972947FD2609CF8D00706C42 /* MOLH.swift */,
				972947FE2609CF8D00706C42 /* MOLHSizable.swift */,
				972947FF2609CF8D00706C42 /* MOLHFontLocalizableViews.swift */,
				972948002609CF8D00706C42 /* MOLHFont.swift */,
				972947EF2609CEC500706C42 /* Languages+Helper.swift */,
			);
			path = MOLH;
			sourceTree = "<group>";
		};
		972948072609CF9400706C42 /* MBProgressHUD */ = {
			isa = PBXGroup;
			children = (
				972948082609CF9400706C42 /* ProgressView.swift */,
				972948092609CF9400706C42 /* MBProgressHUD.swift */,
			);
			path = MBProgressHUD;
			sourceTree = "<group>";
		};
		97576E172609D0AA009CAD26 /* Global */ = {
			isa = PBXGroup;
			children = (
				97576E192609D0C7009CAD26 /* Global.swift */,
			);
			path = Global;
			sourceTree = "<group>";
		};
		97576E182609D0B5009CAD26 /* Controller */ = {
			isa = PBXGroup;
			children = (
				97576E1D2609D2F0009CAD26 /* APIManager.swift */,
			);
			path = Controller;
			sourceTree = "<group>";
		};
/* End PBXGroup section */

/* Begin PBXNativeTarget section */
		972947CD2609CE6600706C42 /* swift-helper */ = {
			isa = PBXNativeTarget;
			buildConfigurationList = 972947E22609CE6700706C42 /* Build configuration list for PBXNativeTarget "swift-helper" */;
			buildPhases = (
				972947CA2609CE6600706C42 /* Sources */,
				972947CB2609CE6600706C42 /* Frameworks */,
				972947CC2609CE6600706C42 /* Resources */,
			);
			buildRules = (
			);
			dependencies = (
			);
			name = "swift-helper";
			productName = "swift-helper";
			productReference = 972947CE2609CE6600706C42 /* swift-helper.app */;
			productType = "com.apple.product-type.application";
		};
/* End PBXNativeTarget section */

/* Begin PBXProject section */
		972947C62609CE6500706C42 /* Project object */ = {
			isa = PBXProject;
			attributes = {
				LastSwiftUpdateCheck = 1230;
				LastUpgradeCheck = 1230;
				TargetAttributes = {
					972947CD2609CE6600706C42 = {
						CreatedOnToolsVersion = 12.3;
					};
				};
			};
			buildConfigurationList = 972947C92609CE6500706C42 /* Build configuration list for PBXProject "swift-helper" */;
			compatibilityVersion = "Xcode 9.3";
			developmentRegion = en;
			hasScannedForEncodings = 0;
			knownRegions = (
				en,
				Base,
			);
			mainGroup = 972947C52609CE6500706C42;
			productRefGroup = 972947CF2609CE6600706C42 /* Products */;
			projectDirPath = "";
			projectRoot = "";
			targets = (
				972947CD2609CE6600706C42 /* swift-helper */,
			);
		};
/* End PBXProject section */

/* Begin PBXResourcesBuildPhase section */
		972947CC2609CE6600706C42 /* Resources */ = {
			isa = PBXResourcesBuildPhase;
			buildActionMask = 2147483647;
			files = (
				972947DE2609CE6700706C42 /* LaunchScreen.storyboard in Resources */,
				972947DB2609CE6700706C42 /* Assets.xcassets in Resources */,
				972947F52609CECC00706C42 /* TToast.xib in Resources */,
				972947D92609CE6600706C42 /* Main.storyboard in Resources */,
			);
			runOnlyForDeploymentPostprocessing = 0;
		};
/* End PBXResourcesBuildPhase section */

/* Begin PBXSourcesBuildPhase section */
		972947CA2609CE6600706C42 /* Sources */ = {
			isa = PBXSourcesBuildPhase;
			buildActionMask = 2147483647;
			files = (
				972948112609CFA100706C42 /* ViewController+Helper.swift in Sources */,
				97576E1E2609D2F0009CAD26 /* APIManager.swift in Sources */,
				972947D62609CE6600706C42 /* ViewController.swift in Sources */,
				972948012609CF8D00706C42 /* MOLHLanguage.swift in Sources */,
				972948022609CF8D00706C42 /* MOLH.swift in Sources */,
				972947EA2609CEAF00706C42 /* Date+Helper.swift in Sources */,
				97576E2B2609D3B2009CAD26 /* Logger.swift in Sources */,
				972948052609CF8D00706C42 /* MOLHFont.swift in Sources */,
				97576E2F2609D6D4009CAD26 /* DataType+Helper.swift in Sources */,
				972947F02609CEC500706C42 /* Languages+Helper.swift in Sources */,
				972948142609CFA600706C42 /* View+Helper.swift in Sources */,
				97576E1A2609D0C7009CAD26 /* Global.swift in Sources */,
				972947F92609CF1100706C42 /* UIImage+Helper.swift in Sources */,
				972948032609CF8D00706C42 /* MOLHSizable.swift in Sources */,
				972947D22609CE6600706C42 /* AppDelegate.swift in Sources */,
				9729480B2609CF9500706C42 /* MBProgressHUD.swift in Sources */,
				972947D42609CE6600706C42 /* SceneDelegate.swift in Sources */,
				9729480E2609CF9E00706C42 /* Photos+Helper.swift in Sources */,
				972948042609CF8D00706C42 /* MOLHFontLocalizableViews.swift in Sources */,
				972947F42609CECC00706C42 /* TToast.swift in Sources */,
				9729480A2609CF9500706C42 /* ProgressView.swift in Sources */,
			);
			runOnlyForDeploymentPostprocessing = 0;
		};
/* End PBXSourcesBuildPhase section */

/* Begin PBXVariantGroup section */
		972947D72609CE6600706C42 /* Main.storyboard */ = {
			isa = PBXVariantGroup;
			children = (
				972947D82609CE6600706C42 /* Base */,
			);
			name = Main.storyboard;
			sourceTree = "<group>";
		};
		972947DC2609CE6700706C42 /* LaunchScreen.storyboard */ = {
			isa = PBXVariantGroup;
			children = (
				972947DD2609CE6700706C42 /* Base */,
			);
			name = LaunchScreen.storyboard;
			sourceTree = "<group>";
		};
/* End PBXVariantGroup section */

/* Begin XCBuildConfiguration section */
		972947E02609CE6700706C42 /* Debug */ = {
			isa = XCBuildConfiguration;
			buildSettings = {
				ALWAYS_SEARCH_USER_PATHS = NO;
				CLANG_ANALYZER_NONNULL = YES;
				CLANG_ANALYZER_NUMBER_OBJECT_CONVERSION = YES_AGGRESSIVE;
				CLANG_CXX_LANGUAGE_STANDARD = "gnu++14";
				CLANG_CXX_LIBRARY = "libc++";
				CLANG_ENABLE_MODULES = YES;
				CLANG_ENABLE_OBJC_ARC = YES;
				CLANG_ENABLE_OBJC_WEAK = YES;
				CLANG_WARN_BLOCK_CAPTURE_AUTORELEASING = YES;
				CLANG_WARN_BOOL_CONVERSION = YES;
				CLANG_WARN_COMMA = YES;
				CLANG_WARN_CONSTANT_CONVERSION = YES;
				CLANG_WARN_DEPRECATED_OBJC_IMPLEMENTATIONS = YES;
				CLANG_WARN_DIRECT_OBJC_ISA_USAGE = YES_ERROR;
				CLANG_WARN_DOCUMENTATION_COMMENTS = YES;
				CLANG_WARN_EMPTY_BODY = YES;
				CLANG_WARN_ENUM_CONVERSION = YES;
				CLANG_WARN_INFINITE_RECURSION = YES;
				CLANG_WARN_INT_CONVERSION = YES;
				CLANG_WARN_NON_LITERAL_NULL_CONVERSION = YES;
				CLANG_WARN_OBJC_IMPLICIT_RETAIN_SELF = YES;
				CLANG_WARN_OBJC_LITERAL_CONVERSION = YES;
				CLANG_WARN_OBJC_ROOT_CLASS = YES_ERROR;
				CLANG_WARN_QUOTED_INCLUDE_IN_FRAMEWORK_HEADER = YES;
				CLANG_WARN_RANGE_LOOP_ANALYSIS = YES;
				CLANG_WARN_STRICT_PROTOTYPES = YES;
				CLANG_WARN_SUSPICIOUS_MOVE = YES;
				CLANG_WARN_UNGUARDED_AVAILABILITY = YES_AGGRESSIVE;
				CLANG_WARN_UNREACHABLE_CODE = YES;
				CLANG_WARN__DUPLICATE_METHOD_MATCH = YES;
				COPY_PHASE_STRIP = NO;
				DEBUG_INFORMATION_FORMAT = dwarf;
				ENABLE_STRICT_OBJC_MSGSEND = YES;
				ENABLE_TESTABILITY = YES;
				GCC_C_LANGUAGE_STANDARD = gnu11;
				GCC_DYNAMIC_NO_PIC = NO;
				GCC_NO_COMMON_BLOCKS = YES;
				GCC_OPTIMIZATION_LEVEL = 0;
				GCC_PREPROCESSOR_DEFINITIONS = (
					"DEBUG=1",
					"$(inherited)",
				);
				GCC_WARN_64_TO_32_BIT_CONVERSION = YES;
				GCC_WARN_ABOUT_RETURN_TYPE = YES_ERROR;
				GCC_WARN_UNDECLARED_SELECTOR = YES;
				GCC_WARN_UNINITIALIZED_AUTOS = YES_AGGRESSIVE;
				GCC_WARN_UNUSED_FUNCTION = YES;
				GCC_WARN_UNUSED_VARIABLE = YES;
				IPHONEOS_DEPLOYMENT_TARGET = 14.3;
				MTL_ENABLE_DEBUG_INFO = INCLUDE_SOURCE;
				MTL_FAST_MATH = YES;
				ONLY_ACTIVE_ARCH = YES;
				SDKROOT = iphoneos;
				SWIFT_ACTIVE_COMPILATION_CONDITIONS = DEBUG;
				SWIFT_OPTIMIZATION_LEVEL = "-Onone";
			};
			name = Debug;
		};
		972947E12609CE6700706C42 /* Release */ = {
			isa = XCBuildConfiguration;
			buildSettings = {
				ALWAYS_SEARCH_USER_PATHS = NO;
				CLANG_ANALYZER_NONNULL = YES;
				CLANG_ANALYZER_NUMBER_OBJECT_CONVERSION = YES_AGGRESSIVE;
				CLANG_CXX_LANGUAGE_STANDARD = "gnu++14";
				CLANG_CXX_LIBRARY = "libc++";
				CLANG_ENABLE_MODULES = YES;
				CLANG_ENABLE_OBJC_ARC = YES;
				CLANG_ENABLE_OBJC_WEAK = YES;
				CLANG_WARN_BLOCK_CAPTURE_AUTORELEASING = YES;
				CLANG_WARN_BOOL_CONVERSION = YES;
				CLANG_WARN_COMMA = YES;
				CLANG_WARN_CONSTANT_CONVERSION = YES;
				CLANG_WARN_DEPRECATED_OBJC_IMPLEMENTATIONS = YES;
				CLANG_WARN_DIRECT_OBJC_ISA_USAGE = YES_ERROR;
				CLANG_WARN_DOCUMENTATION_COMMENTS = YES;
				CLANG_WARN_EMPTY_BODY = YES;
				CLANG_WARN_ENUM_CONVERSION = YES;
				CLANG_WARN_INFINITE_RECURSION = YES;
				CLANG_WARN_INT_CONVERSION = YES;
				CLANG_WARN_NON_LITERAL_NULL_CONVERSION = YES;
				CLANG_WARN_OBJC_IMPLICIT_RETAIN_SELF = YES;
				CLANG_WARN_OBJC_LITERAL_CONVERSION = YES;
				CLANG_WARN_OBJC_ROOT_CLASS = YES_ERROR;
				CLANG_WARN_QUOTED_INCLUDE_IN_FRAMEWORK_HEADER = YES;
				CLANG_WARN_RANGE_LOOP_ANALYSIS = YES;
				CLANG_WARN_STRICT_PROTOTYPES = YES;
				CLANG_WARN_SUSPICIOUS_MOVE = YES;
				CLANG_WARN_UNGUARDED_AVAILABILITY = YES_AGGRESSIVE;
				CLANG_WARN_UNREACHABLE_CODE = YES;
				CLANG_WARN__DUPLICATE_METHOD_MATCH = YES;
				COPY_PHASE_STRIP = NO;
				DEBUG_INFORMATION_FORMAT = "dwarf-with-dsym";
				ENABLE_NS_ASSERTIONS = NO;
				ENABLE_STRICT_OBJC_MSGSEND = YES;
				GCC_C_LANGUAGE_STANDARD = gnu11;
				GCC_NO_COMMON_BLOCKS = YES;
				GCC_WARN_64_TO_32_BIT_CONVERSION = YES;
				GCC_WARN_ABOUT_RETURN_TYPE = YES_ERROR;
				GCC_WARN_UNDECLARED_SELECTOR = YES;
				GCC_WARN_UNINITIALIZED_AUTOS = YES_AGGRESSIVE;
				GCC_WARN_UNUSED_FUNCTION = YES;
				GCC_WARN_UNUSED_VARIABLE = YES;
				IPHONEOS_DEPLOYMENT_TARGET = 14.3;
				MTL_ENABLE_DEBUG_INFO = NO;
				MTL_FAST_MATH = YES;
				SDKROOT = iphoneos;
				SWIFT_COMPILATION_MODE = wholemodule;
				SWIFT_OPTIMIZATION_LEVEL = "-O";
				VALIDATE_PRODUCT = YES;
			};
			name = Release;
		};
		972947E32609CE6700706C42 /* Debug */ = {
			isa = XCBuildConfiguration;
			buildSettings = {
				ASSETCATALOG_COMPILER_APPICON_NAME = AppIcon;
				ASSETCATALOG_COMPILER_GLOBAL_ACCENT_COLOR_NAME = AccentColor;
				CODE_SIGN_STYLE = Automatic;
				DEVELOPMENT_TEAM = 56487ZF829;
				INFOPLIST_FILE = "swift-helper/Info.plist";
				LD_RUNPATH_SEARCH_PATHS = (
					"$(inherited)",
					"@executable_path/Frameworks",
				);
				PRODUCT_BUNDLE_IDENTIFIER = "com.tungxuan.swift-helper";
				PRODUCT_NAME = "$(TARGET_NAME)";
				SWIFT_VERSION = 5.0;
				TARGETED_DEVICE_FAMILY = "1,2";
			};
			name = Debug;
		};
		972947E42609CE6700706C42 /* Release */ = {
			isa = XCBuildConfiguration;
			buildSettings = {
				ASSETCATALOG_COMPILER_APPICON_NAME = AppIcon;
				ASSETCATALOG_COMPILER_GLOBAL_ACCENT_COLOR_NAME = AccentColor;
				CODE_SIGN_STYLE = Automatic;
				DEVELOPMENT_TEAM = 56487ZF829;
				INFOPLIST_FILE = "swift-helper/Info.plist";
				LD_RUNPATH_SEARCH_PATHS = (
					"$(inherited)",
					"@executable_path/Frameworks",
				);
				PRODUCT_BUNDLE_IDENTIFIER = "com.tungxuan.swift-helper";
				PRODUCT_NAME = "$(TARGET_NAME)";
				SWIFT_VERSION = 5.0;
				TARGETED_DEVICE_FAMILY = "1,2";
			};
			name = Release;
		};
/* End XCBuildConfiguration section */

/* Begin XCConfigurationList section */
		972947C92609CE6500706C42 /* Build configuration list for PBXProject "swift-helper" */ = {
			isa = XCConfigurationList;
			buildConfigurations = (
				972947E02609CE6700706C42 /* Debug */,
				972947E12609CE6700706C42 /* Release */,
			);
			defaultConfigurationIsVisible = 0;
			defaultConfigurationName = Release;
		};
		972947E22609CE6700706C42 /* Build configuration list for PBXNativeTarget "swift-helper" */ = {
			isa = XCConfigurationList;
			buildConfigurations = (
				972947E32609CE6700706C42 /* Debug */,
				972947E42609CE6700706C42 /* Release */,
			);
			defaultConfigurationIsVisible = 0;
			defaultConfigurationName = Release;
		};
/* End XCConfigurationList section */
	};
	rootObject = 972947C62609CE6500706C42 /* Project object */;
}
